
Microsoft Visual Studio Solution File, Format Version 12.00
# Visual Studio Version 16
VisualStudioVersion = 16.0.30413.136
MinimumVisualStudioVersion = 10.0.40219.1
Project("{FAE04EC0-301F-11D3-BF4B-00C04F79EFBC}") = "var1", "var1\var1.csproj", "{FA612976-E659-4277-9C11-2257A218F6EE}"
EndProject
Global
	GlobalSection(SolutionConfigurationPlatforms) = preSolution
		Debug|Any CPU = Debug|Any CPU
		Release|Any CPU = Release|Any CPU
	EndGlobalSection
	GlobalSection(ProjectConfigurationPlatforms) = postSolution
		{FA612976-E659-4277-9C11-2257A218F6EE}.Debug|Any CPU.ActiveCfg = Debug|Any CPU
		{FA612976-E659-4277-9C11-2257A218F6EE}.Debug|Any CPU.Build.0 = Debug|Any CPU
		{FA612976-E659-4277-9C11-2257A218F6EE}.Release|Any CPU.ActiveCfg = Release|Any CPU
		{FA612976-E659-4277-9C11-2257A218F6EE}.Release|Any CPU.Build.0 = Release|Any CPU
	EndGlobalSection
	GlobalSection(SolutionProperties) = preSolution
		HideSolutionNode = FALSE
	EndGlobalSection
	GlobalSection(ExtensibilityGlobals) = postSolution
		SolutionGuid = {083F962A-EE7A-46FC-821B-1780944DD957}
	EndGlobalSection
EndGlobal
